// !$*UTF8*$!
{
	archiveVersion = 1;
	classes = {
	};
	objectVersion = 51;
	objects = {

/* Begin PBXBuildFile section */
		052543BF25FDEDF1009A6D28 /* BarChartView.swift in Sources */ = {isa = PBXBuildFile; fileRef = 052543BE25FDEDF1009A6D28 /* BarChartView.swift */; };
		053888D625F5F0D80001BCF5 /* GoogleService-Info.plist in Resources */ = {isa = PBXBuildFile; fileRef = 053888D525F5F0D80001BCF5 /* GoogleService-Info.plist */; };
		053888E625F5F38F0001BCF5 /* AppDelegate.swift in Sources */ = {isa = PBXBuildFile; fileRef = 053888E525F5F38F0001BCF5 /* AppDelegate.swift */; };
		0543622C25F869EF0095D38C /* PracticeTimerView.swift in Sources */ = {isa = PBXBuildFile; fileRef = 0543622B25F869EF0095D38C /* PracticeTimerView.swift */; };
		05A542B025FB11AB00185321 /* PracticeSessionEntryView.swift in Sources */ = {isa = PBXBuildFile; fileRef = 05A542AF25FB11AB00185321 /* PracticeSessionEntryView.swift */; };
		05A542E725FBCADD00185321 /* PracticeTime.swift in Sources */ = {isa = PBXBuildFile; fileRef = 05A542E625FBCADD00185321 /* PracticeTime.swift */; };
		05A542EC25FC781000185321 /* DurationView.swift in Sources */ = {isa = PBXBuildFile; fileRef = 05A542EB25FC781000185321 /* DurationView.swift */; };
		05A542F125FC798100185321 /* SaveCancelContainerView.swift in Sources */ = {isa = PBXBuildFile; fileRef = 05A542F025FC798100185321 /* SaveCancelContainerView.swift */; };
		05AF86B325EB6453005C55D5 /* Keep_It_GoingApp.swift in Sources */ = {isa = PBXBuildFile; fileRef = 05AF86B225EB6453005C55D5 /* Keep_It_GoingApp.swift */; };
		05AF86B525EB6453005C55D5 /* ContentView.swift in Sources */ = {isa = PBXBuildFile; fileRef = 05AF86B425EB6453005C55D5 /* ContentView.swift */; };
		05AF86B725EB6454005C55D5 /* Assets.xcassets in Resources */ = {isa = PBXBuildFile; fileRef = 05AF86B625EB6454005C55D5 /* Assets.xcassets */; };
		05AF86BA25EB6454005C55D5 /* Preview Assets.xcassets in Resources */ = {isa = PBXBuildFile; fileRef = 05AF86B925EB6454005C55D5 /* Preview Assets.xcassets */; };
		05AF86C525EB6455005C55D5 /* Keep_It_GoingTests.swift in Sources */ = {isa = PBXBuildFile; fileRef = 05AF86C425EB6455005C55D5 /* Keep_It_GoingTests.swift */; };
		05AF86D025EB6455005C55D5 /* Keep_It_GoingUITests.swift in Sources */ = {isa = PBXBuildFile; fileRef = 05AF86CF25EB6455005C55D5 /* Keep_It_GoingUITests.swift */; };
		05D732DD25EF60B600CDA181 /* ClassDropDownView.swift in Sources */ = {isa = PBXBuildFile; fileRef = 05D732DC25EF60B600CDA181 /* ClassDropDownView.swift */; };
		05D7F82526008719002B4F92 /* UserSession.swift in Sources */ = {isa = PBXBuildFile; fileRef = 05D7F82426008719002B4F92 /* UserSession.swift */; };
		05D7F82B260089A9002B4F92 /* UserSessionRepository.swift in Sources */ = {isa = PBXBuildFile; fileRef = 05D7F82A260089A9002B4F92 /* UserSessionRepository.swift */; };
		05DFC8D326070D22004021F9 /* UserViewModel.swift in Sources */ = {isa = PBXBuildFile; fileRef = 05DFC8D226070D22004021F9 /* UserViewModel.swift */; };
		05DFC912260721AE004021F9 /* SignUpView.swift in Sources */ = {isa = PBXBuildFile; fileRef = 05DFC911260721AE004021F9 /* SignUpView.swift */; };
		6517662EFDB81F61B192F5C1 /* Pods_Keep_It_Going_Keep_It_GoingUITests.framework in Frameworks */ = {isa = PBXBuildFile; fileRef = E4F5B9022B4E32F0770141C9 /* Pods_Keep_It_Going_Keep_It_GoingUITests.framework */; };
		94B2034C5E844A0A6AC042E9 /* Pods_Keep_It_GoingTests.framework in Frameworks */ = {isa = PBXBuildFile; fileRef = CF1396E2F183D0FAF83F1248 /* Pods_Keep_It_GoingTests.framework */; };
		E8C1362B60633E05B2F130A5 /* Pods_Keep_It_Going.framework in Frameworks */ = {isa = PBXBuildFile; fileRef = 2620A4A147FBF9259DCACED9 /* Pods_Keep_It_Going.framework */; };
/* End PBXBuildFile section */

/* Begin PBXContainerItemProxy section */
		05AF86C125EB6455005C55D5 /* PBXContainerItemProxy */ = {
			isa = PBXContainerItemProxy;
			containerPortal = 05AF86A725EB6453005C55D5 /* Project object */;
			proxyType = 1;
			remoteGlobalIDString = 05AF86AE25EB6453005C55D5;
			remoteInfo = "Keep-It-Going";
		};
		05AF86CC25EB6455005C55D5 /* PBXContainerItemProxy */ = {
			isa = PBXContainerItemProxy;
			containerPortal = 05AF86A725EB6453005C55D5 /* Project object */;
			proxyType = 1;
			remoteGlobalIDString = 05AF86AE25EB6453005C55D5;
			remoteInfo = "Keep-It-Going";
		};
/* End PBXContainerItemProxy section */

/* Begin PBXFileReference section */
		052543BE25FDEDF1009A6D28 /* BarChartView.swift */ = {isa = PBXFileReference; lastKnownFileType = sourcecode.swift; path = BarChartView.swift; sourceTree = "<group>"; };
		053888D525F5F0D80001BCF5 /* GoogleService-Info.plist */ = {isa = PBXFileReference; fileEncoding = 4; lastKnownFileType = text.plist.xml; path = "GoogleService-Info.plist"; sourceTree = "<group>"; };
		053888E525F5F38F0001BCF5 /* AppDelegate.swift */ = {isa = PBXFileReference; lastKnownFileType = sourcecode.swift; path = AppDelegate.swift; sourceTree = "<group>"; };
		0543622B25F869EF0095D38C /* PracticeTimerView.swift */ = {isa = PBXFileReference; lastKnownFileType = sourcecode.swift; path = PracticeTimerView.swift; sourceTree = "<group>"; };
		05A542AF25FB11AB00185321 /* PracticeSessionEntryView.swift */ = {isa = PBXFileReference; lastKnownFileType = sourcecode.swift; path = PracticeSessionEntryView.swift; sourceTree = "<group>"; };
		05A542E625FBCADD00185321 /* PracticeTime.swift */ = {isa = PBXFileReference; lastKnownFileType = sourcecode.swift; path = PracticeTime.swift; sourceTree = "<group>"; };
		05A542EB25FC781000185321 /* DurationView.swift */ = {isa = PBXFileReference; lastKnownFileType = sourcecode.swift; path = DurationView.swift; sourceTree = "<group>"; };
		05A542F025FC798100185321 /* SaveCancelContainerView.swift */ = {isa = PBXFileReference; lastKnownFileType = sourcecode.swift; path = SaveCancelContainerView.swift; sourceTree = "<group>"; };
		05AF86AF25EB6453005C55D5 /* Keep-It-Going.app */ = {isa = PBXFileReference; explicitFileType = wrapper.application; includeInIndex = 0; path = "Keep-It-Going.app"; sourceTree = BUILT_PRODUCTS_DIR; };
		05AF86B225EB6453005C55D5 /* Keep_It_GoingApp.swift */ = {isa = PBXFileReference; lastKnownFileType = sourcecode.swift; path = Keep_It_GoingApp.swift; sourceTree = "<group>"; };
		05AF86B425EB6453005C55D5 /* ContentView.swift */ = {isa = PBXFileReference; lastKnownFileType = sourcecode.swift; path = ContentView.swift; sourceTree = "<group>"; };
		05AF86B625EB6454005C55D5 /* Assets.xcassets */ = {isa = PBXFileReference; lastKnownFileType = folder.assetcatalog; path = Assets.xcassets; sourceTree = "<group>"; };
		05AF86B925EB6454005C55D5 /* Preview Assets.xcassets */ = {isa = PBXFileReference; lastKnownFileType = folder.assetcatalog; path = "Preview Assets.xcassets"; sourceTree = "<group>"; };
		05AF86BB25EB6454005C55D5 /* Info.plist */ = {isa = PBXFileReference; lastKnownFileType = text.plist.xml; path = Info.plist; sourceTree = "<group>"; };
		05AF86C025EB6455005C55D5 /* Keep-It-GoingTests.xctest */ = {isa = PBXFileReference; explicitFileType = wrapper.cfbundle; includeInIndex = 0; path = "Keep-It-GoingTests.xctest"; sourceTree = BUILT_PRODUCTS_DIR; };
		05AF86C425EB6455005C55D5 /* Keep_It_GoingTests.swift */ = {isa = PBXFileReference; lastKnownFileType = sourcecode.swift; path = Keep_It_GoingTests.swift; sourceTree = "<group>"; };
		05AF86C625EB6455005C55D5 /* Info.plist */ = {isa = PBXFileReference; lastKnownFileType = text.plist.xml; path = Info.plist; sourceTree = "<group>"; };
		05AF86CB25EB6455005C55D5 /* Keep-It-GoingUITests.xctest */ = {isa = PBXFileReference; explicitFileType = wrapper.cfbundle; includeInIndex = 0; path = "Keep-It-GoingUITests.xctest"; sourceTree = BUILT_PRODUCTS_DIR; };
		05AF86CF25EB6455005C55D5 /* Keep_It_GoingUITests.swift */ = {isa = PBXFileReference; lastKnownFileType = sourcecode.swift; path = Keep_It_GoingUITests.swift; sourceTree = "<group>"; };
		05AF86D125EB6455005C55D5 /* Info.plist */ = {isa = PBXFileReference; lastKnownFileType = text.plist.xml; path = Info.plist; sourceTree = "<group>"; };
		05D732DC25EF60B600CDA181 /* ClassDropDownView.swift */ = {isa = PBXFileReference; lastKnownFileType = sourcecode.swift; path = ClassDropDownView.swift; sourceTree = "<group>"; };
		05D7F82426008719002B4F92 /* UserSession.swift */ = {isa = PBXFileReference; lastKnownFileType = sourcecode.swift; path = UserSession.swift; sourceTree = "<group>"; };
		05D7F82A260089A9002B4F92 /* UserSessionRepository.swift */ = {isa = PBXFileReference; lastKnownFileType = sourcecode.swift; path = UserSessionRepository.swift; sourceTree = "<group>"; };
		05DFC8D226070D22004021F9 /* UserViewModel.swift */ = {isa = PBXFileReference; lastKnownFileType = sourcecode.swift; path = UserViewModel.swift; sourceTree = "<group>"; };
		05DFC911260721AE004021F9 /* SignUpView.swift */ = {isa = PBXFileReference; lastKnownFileType = sourcecode.swift; path = SignUpView.swift; sourceTree = "<group>"; };
		2620A4A147FBF9259DCACED9 /* Pods_Keep_It_Going.framework */ = {isa = PBXFileReference; explicitFileType = wrapper.framework; includeInIndex = 0; path = Pods_Keep_It_Going.framework; sourceTree = BUILT_PRODUCTS_DIR; };
		2A57C44B1E6EDEB707F8596A /* Pods-Keep-It-GoingTests.release.xcconfig */ = {isa = PBXFileReference; includeInIndex = 1; lastKnownFileType = text.xcconfig; name = "Pods-Keep-It-GoingTests.release.xcconfig"; path = "Target Support Files/Pods-Keep-It-GoingTests/Pods-Keep-It-GoingTests.release.xcconfig"; sourceTree = "<group>"; };
		7133CD73FE0FDF4BB6FE00C2 /* Pods-Keep-It-GoingTests.debug.xcconfig */ = {isa = PBXFileReference; includeInIndex = 1; lastKnownFileType = text.xcconfig; name = "Pods-Keep-It-GoingTests.debug.xcconfig"; path = "Target Support Files/Pods-Keep-It-GoingTests/Pods-Keep-It-GoingTests.debug.xcconfig"; sourceTree = "<group>"; };
		7EDC6D8FEEA4289D46128966 /* Pods-Keep-It-Going.release.xcconfig */ = {isa = PBXFileReference; includeInIndex = 1; lastKnownFileType = text.xcconfig; name = "Pods-Keep-It-Going.release.xcconfig"; path = "Target Support Files/Pods-Keep-It-Going/Pods-Keep-It-Going.release.xcconfig"; sourceTree = "<group>"; };
		AF8CBA1EBD0E28CBB71AD045 /* Pods-Keep-It-Going-Keep-It-GoingUITests.release.xcconfig */ = {isa = PBXFileReference; includeInIndex = 1; lastKnownFileType = text.xcconfig; name = "Pods-Keep-It-Going-Keep-It-GoingUITests.release.xcconfig"; path = "Target Support Files/Pods-Keep-It-Going-Keep-It-GoingUITests/Pods-Keep-It-Going-Keep-It-GoingUITests.release.xcconfig"; sourceTree = "<group>"; };
		CD8191FBADA0385B3F788B6D /* Pods-Keep-It-Going-Keep-It-GoingUITests.debug.xcconfig */ = {isa = PBXFileReference; includeInIndex = 1; lastKnownFileType = text.xcconfig; name = "Pods-Keep-It-Going-Keep-It-GoingUITests.debug.xcconfig"; path = "Target Support Files/Pods-Keep-It-Going-Keep-It-GoingUITests/Pods-Keep-It-Going-Keep-It-GoingUITests.debug.xcconfig"; sourceTree = "<group>"; };
		CF1396E2F183D0FAF83F1248 /* Pods_Keep_It_GoingTests.framework */ = {isa = PBXFileReference; explicitFileType = wrapper.framework; includeInIndex = 0; path = Pods_Keep_It_GoingTests.framework; sourceTree = BUILT_PRODUCTS_DIR; };
		E4F5B9022B4E32F0770141C9 /* Pods_Keep_It_Going_Keep_It_GoingUITests.framework */ = {isa = PBXFileReference; explicitFileType = wrapper.framework; includeInIndex = 0; path = Pods_Keep_It_Going_Keep_It_GoingUITests.framework; sourceTree = BUILT_PRODUCTS_DIR; };
		F56742D28616C379E10E7DB5 /* Pods-Keep-It-Going.debug.xcconfig */ = {isa = PBXFileReference; includeInIndex = 1; lastKnownFileType = text.xcconfig; name = "Pods-Keep-It-Going.debug.xcconfig"; path = "Target Support Files/Pods-Keep-It-Going/Pods-Keep-It-Going.debug.xcconfig"; sourceTree = "<group>"; };
/* End PBXFileReference section */

/* Begin PBXFrameworksBuildPhase section */
		05AF86AC25EB6453005C55D5 /* Frameworks */ = {
			isa = PBXFrameworksBuildPhase;
			buildActionMask = 2147483647;
			files = (
				E8C1362B60633E05B2F130A5 /* Pods_Keep_It_Going.framework in Frameworks */,
			);
			runOnlyForDeploymentPostprocessing = 0;
		};
		05AF86BD25EB6455005C55D5 /* Frameworks */ = {
			isa = PBXFrameworksBuildPhase;
			buildActionMask = 2147483647;
			files = (
				94B2034C5E844A0A6AC042E9 /* Pods_Keep_It_GoingTests.framework in Frameworks */,
			);
			runOnlyForDeploymentPostprocessing = 0;
		};
		05AF86C825EB6455005C55D5 /* Frameworks */ = {
			isa = PBXFrameworksBuildPhase;
			buildActionMask = 2147483647;
			files = (
				6517662EFDB81F61B192F5C1 /* Pods_Keep_It_Going_Keep_It_GoingUITests.framework in Frameworks */,
			);
			runOnlyForDeploymentPostprocessing = 0;
		};
/* End PBXFrameworksBuildPhase section */

/* Begin PBXGroup section */
		05A542E525FBCA9300185321 /* model */ = {
			isa = PBXGroup;
			children = (
				05A542E625FBCADD00185321 /* PracticeTime.swift */,
				05D7F82426008719002B4F92 /* UserSession.swift */,
			);
			path = model;
			sourceTree = "<group>";
		};
		05AF86A625EB6453005C55D5 = {
			isa = PBXGroup;
			children = (
				053888E525F5F38F0001BCF5 /* AppDelegate.swift */,
				05AF86B125EB6453005C55D5 /* Keep-It-Going */,
				05AF86C325EB6455005C55D5 /* Keep-It-GoingTests */,
				05AF86CE25EB6455005C55D5 /* Keep-It-GoingUITests */,
				05AF86B025EB6453005C55D5 /* Products */,
				26F7FDE008E2BD2AD2F7BA17 /* Pods */,
				919BA7D5B06EE77A7CDEAB05 /* Frameworks */,
			);
			sourceTree = "<group>";
		};
		05AF86B025EB6453005C55D5 /* Products */ = {
			isa = PBXGroup;
			children = (
				05AF86AF25EB6453005C55D5 /* Keep-It-Going.app */,
				05AF86C025EB6455005C55D5 /* Keep-It-GoingTests.xctest */,
				05AF86CB25EB6455005C55D5 /* Keep-It-GoingUITests.xctest */,
			);
			name = Products;
			sourceTree = "<group>";
		};
		05AF86B125EB6453005C55D5 /* Keep-It-Going */ = {
			isa = PBXGroup;
			children = (
				05DFC90726071F8E004021F9 /* View */,
				05DFC8D126070D0C004021F9 /* ViewModels */,
				05D7F829260088D2002B4F92 /* repositories */,
				05A542E525FBCA9300185321 /* model */,
				053888D525F5F0D80001BCF5 /* GoogleService-Info.plist */,
				05AF86B225EB6453005C55D5 /* Keep_It_GoingApp.swift */,
				05AF86B425EB6453005C55D5 /* ContentView.swift */,
				05AF86B625EB6454005C55D5 /* Assets.xcassets */,
				05AF86BB25EB6454005C55D5 /* Info.plist */,
				05AF86B825EB6454005C55D5 /* Preview Content */,
			);
			path = "Keep-It-Going";
			sourceTree = "<group>";
		};
		05AF86B825EB6454005C55D5 /* Preview Content */ = {
			isa = PBXGroup;
			children = (
				05AF86B925EB6454005C55D5 /* Preview Assets.xcassets */,
			);
			path = "Preview Content";
			sourceTree = "<group>";
		};
		05AF86C325EB6455005C55D5 /* Keep-It-GoingTests */ = {
			isa = PBXGroup;
			children = (
				05AF86C425EB6455005C55D5 /* Keep_It_GoingTests.swift */,
				05AF86C625EB6455005C55D5 /* Info.plist */,
			);
			path = "Keep-It-GoingTests";
			sourceTree = "<group>";
		};
		05AF86CE25EB6455005C55D5 /* Keep-It-GoingUITests */ = {
			isa = PBXGroup;
			children = (
				05AF86CF25EB6455005C55D5 /* Keep_It_GoingUITests.swift */,
				05AF86D125EB6455005C55D5 /* Info.plist */,
			);
			path = "Keep-It-GoingUITests";
			sourceTree = "<group>";
		};
		05D7F829260088D2002B4F92 /* repositories */ = {
			isa = PBXGroup;
			children = (
				05D7F82A260089A9002B4F92 /* UserSessionRepository.swift */,
			);
			path = repositories;
			sourceTree = "<group>";
		};
		05DFC8D126070D0C004021F9 /* ViewModels */ = {
			isa = PBXGroup;
			children = (
				05DFC8D226070D22004021F9 /* UserViewModel.swift */,
			);
			path = ViewModels;
			sourceTree = "<group>";
		};
		05DFC90726071F8E004021F9 /* View */ = {
			isa = PBXGroup;
			children = (
				05D732DC25EF60B600CDA181 /* ClassDropDownView.swift */,
				0543622B25F869EF0095D38C /* PracticeTimerView.swift */,
				05A542AF25FB11AB00185321 /* PracticeSessionEntryView.swift */,
				05A542EB25FC781000185321 /* DurationView.swift */,
				05A542F025FC798100185321 /* SaveCancelContainerView.swift */,
				052543BE25FDEDF1009A6D28 /* BarChartView.swift */,
				05DFC911260721AE004021F9 /* SignUpView.swift */,
			);
			path = View;
			sourceTree = "<group>";
		};
		26F7FDE008E2BD2AD2F7BA17 /* Pods */ = {
			isa = PBXGroup;
			children = (
				F56742D28616C379E10E7DB5 /* Pods-Keep-It-Going.debug.xcconfig */,
				7EDC6D8FEEA4289D46128966 /* Pods-Keep-It-Going.release.xcconfig */,
				CD8191FBADA0385B3F788B6D /* Pods-Keep-It-Going-Keep-It-GoingUITests.debug.xcconfig */,
				AF8CBA1EBD0E28CBB71AD045 /* Pods-Keep-It-Going-Keep-It-GoingUITests.release.xcconfig */,
				7133CD73FE0FDF4BB6FE00C2 /* Pods-Keep-It-GoingTests.debug.xcconfig */,
				2A57C44B1E6EDEB707F8596A /* Pods-Keep-It-GoingTests.release.xcconfig */,
			);
			path = Pods;
			sourceTree = "<group>";
		};
		919BA7D5B06EE77A7CDEAB05 /* Frameworks */ = {
			isa = PBXGroup;
			children = (
				2620A4A147FBF9259DCACED9 /* Pods_Keep_It_Going.framework */,
				E4F5B9022B4E32F0770141C9 /* Pods_Keep_It_Going_Keep_It_GoingUITests.framework */,
				CF1396E2F183D0FAF83F1248 /* Pods_Keep_It_GoingTests.framework */,
			);
			name = Frameworks;
			sourceTree = "<group>";
		};
/* End PBXGroup section */

/* Begin PBXNativeTarget section */
		05AF86AE25EB6453005C55D5 /* Keep-It-Going */ = {
			isa = PBXNativeTarget;
			buildConfigurationList = 05AF86D425EB6455005C55D5 /* Build configuration list for PBXNativeTarget "Keep-It-Going" */;
			buildPhases = (
				BE0D1F42BCB2137B96412710 /* [CP] Check Pods Manifest.lock */,
				05AF86AB25EB6453005C55D5 /* Sources */,
				05AF86AC25EB6453005C55D5 /* Frameworks */,
				05AF86AD25EB6453005C55D5 /* Resources */,
				BFDBA7A294A65799E4BC7B68 /* [CP] Embed Pods Frameworks */,
			);
			buildRules = (
			);
			dependencies = (
			);
			name = "Keep-It-Going";
			productName = "Keep-It-Going";
			productReference = 05AF86AF25EB6453005C55D5 /* Keep-It-Going.app */;
			productType = "com.apple.product-type.application";
		};
		05AF86BF25EB6455005C55D5 /* Keep-It-GoingTests */ = {
			isa = PBXNativeTarget;
			buildConfigurationList = 05AF86D725EB6455005C55D5 /* Build configuration list for PBXNativeTarget "Keep-It-GoingTests" */;
			buildPhases = (
				33656511DB67142AB8921460 /* [CP] Check Pods Manifest.lock */,
				05AF86BC25EB6455005C55D5 /* Sources */,
				05AF86BD25EB6455005C55D5 /* Frameworks */,
				05AF86BE25EB6455005C55D5 /* Resources */,
			);
			buildRules = (
			);
			dependencies = (
				05AF86C225EB6455005C55D5 /* PBXTargetDependency */,
			);
			name = "Keep-It-GoingTests";
			productName = "Keep-It-GoingTests";
			productReference = 05AF86C025EB6455005C55D5 /* Keep-It-GoingTests.xctest */;
			productType = "com.apple.product-type.bundle.unit-test";
		};
		05AF86CA25EB6455005C55D5 /* Keep-It-GoingUITests */ = {
			isa = PBXNativeTarget;
			buildConfigurationList = 05AF86DA25EB6455005C55D5 /* Build configuration list for PBXNativeTarget "Keep-It-GoingUITests" */;
			buildPhases = (
				E87FBB125DF9727F92EB96B8 /* [CP] Check Pods Manifest.lock */,
				05AF86C725EB6455005C55D5 /* Sources */,
				05AF86C825EB6455005C55D5 /* Frameworks */,
				05AF86C925EB6455005C55D5 /* Resources */,
				74A552851D2265B34463FEAD /* [CP] Embed Pods Frameworks */,
			);
			buildRules = (
			);
			dependencies = (
				05AF86CD25EB6455005C55D5 /* PBXTargetDependency */,
			);
			name = "Keep-It-GoingUITests";
			productName = "Keep-It-GoingUITests";
			productReference = 05AF86CB25EB6455005C55D5 /* Keep-It-GoingUITests.xctest */;
			productType = "com.apple.product-type.bundle.ui-testing";
		};
/* End PBXNativeTarget section */

/* Begin PBXProject section */
		05AF86A725EB6453005C55D5 /* Project object */ = {
			isa = PBXProject;
			attributes = {
				LastSwiftUpdateCheck = 1240;
				LastUpgradeCheck = 1240;
				TargetAttributes = {
					05AF86AE25EB6453005C55D5 = {
						CreatedOnToolsVersion = 12.4;
					};
					05AF86BF25EB6455005C55D5 = {
						CreatedOnToolsVersion = 12.4;
						TestTargetID = 05AF86AE25EB6453005C55D5;
					};
					05AF86CA25EB6455005C55D5 = {
						CreatedOnToolsVersion = 12.4;
						TestTargetID = 05AF86AE25EB6453005C55D5;
					};
				};
			};
			buildConfigurationList = 05AF86AA25EB6453005C55D5 /* Build configuration list for PBXProject "Keep-It-Going" */;
			compatibilityVersion = "Xcode 9.3";
			developmentRegion = en;
			hasScannedForEncodings = 0;
			knownRegions = (
				en,
				Base,
			);
			mainGroup = 05AF86A625EB6453005C55D5;
			productRefGroup = 05AF86B025EB6453005C55D5 /* Products */;
			projectDirPath = "";
			projectRoot = "";
			targets = (
				05AF86AE25EB6453005C55D5 /* Keep-It-Going */,
				05AF86BF25EB6455005C55D5 /* Keep-It-GoingTests */,
				05AF86CA25EB6455005C55D5 /* Keep-It-GoingUITests */,
			);
		};
/* End PBXProject section */

/* Begin PBXResourcesBuildPhase section */
		05AF86AD25EB6453005C55D5 /* Resources */ = {
			isa = PBXResourcesBuildPhase;
			buildActionMask = 2147483647;
			files = (
				05AF86BA25EB6454005C55D5 /* Preview Assets.xcassets in Resources */,
				05AF86B725EB6454005C55D5 /* Assets.xcassets in Resources */,
				053888D625F5F0D80001BCF5 /* GoogleService-Info.plist in Resources */,
			);
			runOnlyForDeploymentPostprocessing = 0;
		};
		05AF86BE25EB6455005C55D5 /* Resources */ = {
			isa = PBXResourcesBuildPhase;
			buildActionMask = 2147483647;
			files = (
			);
			runOnlyForDeploymentPostprocessing = 0;
		};
		05AF86C925EB6455005C55D5 /* Resources */ = {
			isa = PBXResourcesBuildPhase;
			buildActionMask = 2147483647;
			files = (
			);
			runOnlyForDeploymentPostprocessing = 0;
		};
/* End PBXResourcesBuildPhase section */

/* Begin PBXShellScriptBuildPhase section */
		33656511DB67142AB8921460 /* [CP] Check Pods Manifest.lock */ = {
			isa = PBXShellScriptBuildPhase;
			buildActionMask = 2147483647;
			files = (
			);
			inputFileListPaths = (
			);
			inputPaths = (
				"${PODS_PODFILE_DIR_PATH}/Podfile.lock",
				"${PODS_ROOT}/Manifest.lock",
			);
			name = "[CP] Check Pods Manifest.lock";
			outputFileListPaths = (
			);
			outputPaths = (
				"$(DERIVED_FILE_DIR)/Pods-Keep-It-GoingTests-checkManifestLockResult.txt",
			);
			runOnlyForDeploymentPostprocessing = 0;
			shellPath = /bin/sh;
			shellScript = "diff \"${PODS_PODFILE_DIR_PATH}/Podfile.lock\" \"${PODS_ROOT}/Manifest.lock\" > /dev/null\nif [ $? != 0 ] ; then\n    # print error to STDERR\n    echo \"error: The sandbox is not in sync with the Podfile.lock. Run 'pod install' or update your CocoaPods installation.\" >&2\n    exit 1\nfi\n# This output is used by Xcode 'outputs' to avoid re-running this script phase.\necho \"SUCCESS\" > \"${SCRIPT_OUTPUT_FILE_0}\"\n";
			showEnvVarsInLog = 0;
		};
		74A552851D2265B34463FEAD /* [CP] Embed Pods Frameworks */ = {
			isa = PBXShellScriptBuildPhase;
			buildActionMask = 2147483647;
			files = (
			);
			inputFileListPaths = (
				"${PODS_ROOT}/Target Support Files/Pods-Keep-It-Going-Keep-It-GoingUITests/Pods-Keep-It-Going-Keep-It-GoingUITests-frameworks-${CONFIGURATION}-input-files.xcfilelist",
			);
			name = "[CP] Embed Pods Frameworks";
			outputFileListPaths = (
				"${PODS_ROOT}/Target Support Files/Pods-Keep-It-Going-Keep-It-GoingUITests/Pods-Keep-It-Going-Keep-It-GoingUITests-frameworks-${CONFIGURATION}-output-files.xcfilelist",
			);
			runOnlyForDeploymentPostprocessing = 0;
			shellPath = /bin/sh;
			shellScript = "\"${PODS_ROOT}/Target Support Files/Pods-Keep-It-Going-Keep-It-GoingUITests/Pods-Keep-It-Going-Keep-It-GoingUITests-frameworks.sh\"\n";
			showEnvVarsInLog = 0;
		};
		BE0D1F42BCB2137B96412710 /* [CP] Check Pods Manifest.lock */ = {
			isa = PBXShellScriptBuildPhase;
			buildActionMask = 2147483647;
			files = (
			);
			inputFileListPaths = (
			);
			inputPaths = (
				"${PODS_PODFILE_DIR_PATH}/Podfile.lock",
				"${PODS_ROOT}/Manifest.lock",
			);
			name = "[CP] Check Pods Manifest.lock";
			outputFileListPaths = (
			);
			outputPaths = (
				"$(DERIVED_FILE_DIR)/Pods-Keep-It-Going-checkManifestLockResult.txt",
			);
			runOnlyForDeploymentPostprocessing = 0;
			shellPath = /bin/sh;
			shellScript = "diff \"${PODS_PODFILE_DIR_PATH}/Podfile.lock\" \"${PODS_ROOT}/Manifest.lock\" > /dev/null\nif [ $? != 0 ] ; then\n    # print error to STDERR\n    echo \"error: The sandbox is not in sync with the Podfile.lock. Run 'pod install' or update your CocoaPods installation.\" >&2\n    exit 1\nfi\n# This output is used by Xcode 'outputs' to avoid re-running this script phase.\necho \"SUCCESS\" > \"${SCRIPT_OUTPUT_FILE_0}\"\n";
			showEnvVarsInLog = 0;
		};
		BFDBA7A294A65799E4BC7B68 /* [CP] Embed Pods Frameworks */ = {
			isa = PBXShellScriptBuildPhase;
			buildActionMask = 2147483647;
			files = (
			);
			inputFileListPaths = (
				"${PODS_ROOT}/Target Support Files/Pods-Keep-It-Going/Pods-Keep-It-Going-frameworks-${CONFIGURATION}-input-files.xcfilelist",
			);
			name = "[CP] Embed Pods Frameworks";
			outputFileListPaths = (
				"${PODS_ROOT}/Target Support Files/Pods-Keep-It-Going/Pods-Keep-It-Going-frameworks-${CONFIGURATION}-output-files.xcfilelist",
			);
			runOnlyForDeploymentPostprocessing = 0;
			shellPath = /bin/sh;
			shellScript = "\"${PODS_ROOT}/Target Support Files/Pods-Keep-It-Going/Pods-Keep-It-Going-frameworks.sh\"\n";
			showEnvVarsInLog = 0;
		};
		E87FBB125DF9727F92EB96B8 /* [CP] Check Pods Manifest.lock */ = {
			isa = PBXShellScriptBuildPhase;
			buildActionMask = 2147483647;
			files = (
			);
			inputFileListPaths = (
			);
			inputPaths = (
				"${PODS_PODFILE_DIR_PATH}/Podfile.lock",
				"${PODS_ROOT}/Manifest.lock",
			);
			name = "[CP] Check Pods Manifest.lock";
			outputFileListPaths = (
			);
			outputPaths = (
				"$(DERIVED_FILE_DIR)/Pods-Keep-It-Going-Keep-It-GoingUITests-checkManifestLockResult.txt",
			);
			runOnlyForDeploymentPostprocessing = 0;
			shellPath = /bin/sh;
			shellScript = "diff \"${PODS_PODFILE_DIR_PATH}/Podfile.lock\" \"${PODS_ROOT}/Manifest.lock\" > /dev/null\nif [ $? != 0 ] ; then\n    # print error to STDERR\n    echo \"error: The sandbox is not in sync with the Podfile.lock. Run 'pod install' or update your CocoaPods installation.\" >&2\n    exit 1\nfi\n# This output is used by Xcode 'outputs' to avoid re-running this script phase.\necho \"SUCCESS\" > \"${SCRIPT_OUTPUT_FILE_0}\"\n";
			showEnvVarsInLog = 0;
		};
/* End PBXShellScriptBuildPhase section */

/* Begin PBXSourcesBuildPhase section */
		05AF86AB25EB6453005C55D5 /* Sources */ = {
			isa = PBXSourcesBuildPhase;
			buildActionMask = 2147483647;
			files = (
				05A542F125FC798100185321 /* SaveCancelContainerView.swift in Sources */,
				05D7F82B260089A9002B4F92 /* UserSessionRepository.swift in Sources */,
				053888E625F5F38F0001BCF5 /* AppDelegate.swift in Sources */,
				05A542B025FB11AB00185321 /* PracticeSessionEntryView.swift in Sources */,
				05AF86B525EB6453005C55D5 /* ContentView.swift in Sources */,
				05A542E725FBCADD00185321 /* PracticeTime.swift in Sources */,
				05D732DD25EF60B600CDA181 /* ClassDropDownView.swift in Sources */,
				05D7F82526008719002B4F92 /* UserSession.swift in Sources */,
				05AF86B325EB6453005C55D5 /* Keep_It_GoingApp.swift in Sources */,
				05DFC8D326070D22004021F9 /* UserViewModel.swift in Sources */,
				05DFC912260721AE004021F9 /* SignUpView.swift in Sources */,
				052543BF25FDEDF1009A6D28 /* BarChartView.swift in Sources */,
				05A542EC25FC781000185321 /* DurationView.swift in Sources */,
				0543622C25F869EF0095D38C /* PracticeTimerView.swift in Sources */,
			);
			runOnlyForDeploymentPostprocessing = 0;
		};
		05AF86BC25EB6455005C55D5 /* Sources */ = {
			isa = PBXSourcesBuildPhase;
			buildActionMask = 2147483647;
			files = (
				05AF86C525EB6455005C55D5 /* Keep_It_GoingTests.swift in Sources */,
			);
			runOnlyForDeploymentPostprocessing = 0;
		};
		05AF86C725EB6455005C55D5 /* Sources */ = {
			isa = PBXSourcesBuildPhase;
			buildActionMask = 2147483647;
			files = (
				05AF86D025EB6455005C55D5 /* Keep_It_GoingUITests.swift in Sources */,
			);
			runOnlyForDeploymentPostprocessing = 0;
		};
/* End PBXSourcesBuildPhase section */

/* Begin PBXTargetDependency section */
		05AF86C225EB6455005C55D5 /* PBXTargetDependency */ = {
			isa = PBXTargetDependency;
			target = 05AF86AE25EB6453005C55D5 /* Keep-It-Going */;
			targetProxy = 05AF86C125EB6455005C55D5 /* PBXContainerItemProxy */;
		};
		05AF86CD25EB6455005C55D5 /* PBXTargetDependency */ = {
			isa = PBXTargetDependency;
			target = 05AF86AE25EB6453005C55D5 /* Keep-It-Going */;
			targetProxy = 05AF86CC25EB6455005C55D5 /* PBXContainerItemProxy */;
		};
/* End PBXTargetDependency section */

/* Begin XCBuildConfiguration section */
		05AF86D225EB6455005C55D5 /* Debug */ = {
			isa = XCBuildConfiguration;
			buildSettings = {
				ALWAYS_SEARCH_USER_PATHS = NO;
				CLANG_ANALYZER_NONNULL = YES;
				CLANG_ANALYZER_NUMBER_OBJECT_CONVERSION = YES_AGGRESSIVE;
				CLANG_CXX_LANGUAGE_STANDARD = "gnu++14";
				CLANG_CXX_LIBRARY = "libc++";
				CLANG_ENABLE_MODULES = YES;
				CLANG_ENABLE_OBJC_ARC = YES;
				CLANG_ENABLE_OBJC_WEAK = YES;
				CLANG_WARN_BLOCK_CAPTURE_AUTORELEASING = YES;
				CLANG_WARN_BOOL_CONVERSION = YES;
				CLANG_WARN_COMMA = YES;
				CLANG_WARN_CONSTANT_CONVERSION = YES;
				CLANG_WARN_DEPRECATED_OBJC_IMPLEMENTATIONS = YES;
				CLANG_WARN_DIRECT_OBJC_ISA_USAGE = YES_ERROR;
				CLANG_WARN_DOCUMENTATION_COMMENTS = YES;
				CLANG_WARN_EMPTY_BODY = YES;
				CLANG_WARN_ENUM_CONVERSION = YES;
				CLANG_WARN_INFINITE_RECURSION = YES;
				CLANG_WARN_INT_CONVERSION = YES;
				CLANG_WARN_NON_LITERAL_NULL_CONVERSION = YES;
				CLANG_WARN_OBJC_IMPLICIT_RETAIN_SELF = YES;
				CLANG_WARN_OBJC_LITERAL_CONVERSION = YES;
				CLANG_WARN_OBJC_ROOT_CLASS = YES_ERROR;
				CLANG_WARN_QUOTED_INCLUDE_IN_FRAMEWORK_HEADER = YES;
				CLANG_WARN_RANGE_LOOP_ANALYSIS = YES;
				CLANG_WARN_STRICT_PROTOTYPES = YES;
				CLANG_WARN_SUSPICIOUS_MOVE = YES;
				CLANG_WARN_UNGUARDED_AVAILABILITY = YES_AGGRESSIVE;
				CLANG_WARN_UNREACHABLE_CODE = YES;
				CLANG_WARN__DUPLICATE_METHOD_MATCH = YES;
				COPY_PHASE_STRIP = NO;
				DEBUG_INFORMATION_FORMAT = dwarf;
				ENABLE_STRICT_OBJC_MSGSEND = YES;
				ENABLE_TESTABILITY = YES;
				GCC_C_LANGUAGE_STANDARD = gnu11;
				GCC_DYNAMIC_NO_PIC = NO;
				GCC_NO_COMMON_BLOCKS = YES;
				GCC_OPTIMIZATION_LEVEL = 0;
				GCC_PREPROCESSOR_DEFINITIONS = (
					"DEBUG=1",
					"$(inherited)",
				);
				GCC_WARN_64_TO_32_BIT_CONVERSION = YES;
				GCC_WARN_ABOUT_RETURN_TYPE = YES_ERROR;
				GCC_WARN_UNDECLARED_SELECTOR = YES;
				GCC_WARN_UNINITIALIZED_AUTOS = YES_AGGRESSIVE;
				GCC_WARN_UNUSED_FUNCTION = YES;
				GCC_WARN_UNUSED_VARIABLE = YES;
				IPHONEOS_DEPLOYMENT_TARGET = 14.4;
				MTL_ENABLE_DEBUG_INFO = INCLUDE_SOURCE;
				MTL_FAST_MATH = YES;
				ONLY_ACTIVE_ARCH = YES;
				SDKROOT = iphoneos;
				SWIFT_ACTIVE_COMPILATION_CONDITIONS = DEBUG;
				SWIFT_OPTIMIZATION_LEVEL = "-Onone";
			};
			name = Debug;
		};
		05AF86D325EB6455005C55D5 /* Release */ = {
			isa = XCBuildConfiguration;
			buildSettings = {
				ALWAYS_SEARCH_USER_PATHS = NO;
				CLANG_ANALYZER_NONNULL = YES;
				CLANG_ANALYZER_NUMBER_OBJECT_CONVERSION = YES_AGGRESSIVE;
				CLANG_CXX_LANGUAGE_STANDARD = "gnu++14";
				CLANG_CXX_LIBRARY = "libc++";
				CLANG_ENABLE_MODULES = YES;
				CLANG_ENABLE_OBJC_ARC = YES;
				CLANG_ENABLE_OBJC_WEAK = YES;
				CLANG_WARN_BLOCK_CAPTURE_AUTORELEASING = YES;
				CLANG_WARN_BOOL_CONVERSION = YES;
				CLANG_WARN_COMMA = YES;
				CLANG_WARN_CONSTANT_CONVERSION = YES;
				CLANG_WARN_DEPRECATED_OBJC_IMPLEMENTATIONS = YES;
				CLANG_WARN_DIRECT_OBJC_ISA_USAGE = YES_ERROR;
				CLANG_WARN_DOCUMENTATION_COMMENTS = YES;
				CLANG_WARN_EMPTY_BODY = YES;
				CLANG_WARN_ENUM_CONVERSION = YES;
				CLANG_WARN_INFINITE_RECURSION = YES;
				CLANG_WARN_INT_CONVERSION = YES;
				CLANG_WARN_NON_LITERAL_NULL_CONVERSION = YES;
				CLANG_WARN_OBJC_IMPLICIT_RETAIN_SELF = YES;
				CLANG_WARN_OBJC_LITERAL_CONVERSION = YES;
				CLANG_WARN_OBJC_ROOT_CLASS = YES_ERROR;
				CLANG_WARN_QUOTED_INCLUDE_IN_FRAMEWORK_HEADER = YES;
				CLANG_WARN_RANGE_LOOP_ANALYSIS = YES;
				CLANG_WARN_STRICT_PROTOTYPES = YES;
				CLANG_WARN_SUSPICIOUS_MOVE = YES;
				CLANG_WARN_UNGUARDED_AVAILABILITY = YES_AGGRESSIVE;
				CLANG_WARN_UNREACHABLE_CODE = YES;
				CLANG_WARN__DUPLICATE_METHOD_MATCH = YES;
				COPY_PHASE_STRIP = NO;
				DEBUG_INFORMATION_FORMAT = "dwarf-with-dsym";
				ENABLE_NS_ASSERTIONS = NO;
				ENABLE_STRICT_OBJC_MSGSEND = YES;
				GCC_C_LANGUAGE_STANDARD = gnu11;
				GCC_NO_COMMON_BLOCKS = YES;
				GCC_WARN_64_TO_32_BIT_CONVERSION = YES;
				GCC_WARN_ABOUT_RETURN_TYPE = YES_ERROR;
				GCC_WARN_UNDECLARED_SELECTOR = YES;
				GCC_WARN_UNINITIALIZED_AUTOS = YES_AGGRESSIVE;
				GCC_WARN_UNUSED_FUNCTION = YES;
				GCC_WARN_UNUSED_VARIABLE = YES;
				IPHONEOS_DEPLOYMENT_TARGET = 14.4;
				MTL_ENABLE_DEBUG_INFO = NO;
				MTL_FAST_MATH = YES;
				SDKROOT = iphoneos;
				SWIFT_COMPILATION_MODE = wholemodule;
				SWIFT_OPTIMIZATION_LEVEL = "-O";
				VALIDATE_PRODUCT = YES;
			};
			name = Release;
		};
		05AF86D525EB6455005C55D5 /* Debug */ = {
			isa = XCBuildConfiguration;
			baseConfigurationReference = F56742D28616C379E10E7DB5 /* Pods-Keep-It-Going.debug.xcconfig */;
			buildSettings = {
				ASSETCATALOG_COMPILER_APPICON_NAME = AppIcon;
				ASSETCATALOG_COMPILER_GLOBAL_ACCENT_COLOR_NAME = AccentColor;
				CODE_SIGN_STYLE = Automatic;
				DEVELOPMENT_ASSET_PATHS = "\"Keep-It-Going/Preview Content\"";
				ENABLE_PREVIEWS = YES;
				INFOPLIST_FILE = "Keep-It-Going/Info.plist";
				IPHONEOS_DEPLOYMENT_TARGET = 14.0;
				LD_RUNPATH_SEARCH_PATHS = (
					"$(inherited)",
					"@executable_path/Frameworks",
				);
				PRODUCT_BUNDLE_IDENTIFIER = "com.practice.tracker.Keep-It-Going";
				PRODUCT_NAME = "$(TARGET_NAME)";
				SWIFT_VERSION = 5.0;
				TARGETED_DEVICE_FAMILY = "1,2";
			};
			name = Debug;
		};
		05AF86D625EB6455005C55D5 /* Release */ = {
			isa = XCBuildConfiguration;
			baseConfigurationReference = 7EDC6D8FEEA4289D46128966 /* Pods-Keep-It-Going.release.xcconfig */;
			buildSettings = {
				ASSETCATALOG_COMPILER_APPICON_NAME = AppIcon;
				ASSETCATALOG_COMPILER_GLOBAL_ACCENT_COLOR_NAME = AccentColor;
				CODE_SIGN_STYLE = Automatic;
				DEVELOPMENT_ASSET_PATHS = "\"Keep-It-Going/Preview Content\"";
				ENABLE_PREVIEWS = YES;
				INFOPLIST_FILE = "Keep-It-Going/Info.plist";
				IPHONEOS_DEPLOYMENT_TARGET = 14.0;
				LD_RUNPATH_SEARCH_PATHS = (
					"$(inherited)",
					"@executable_path/Frameworks",
				);
				PRODUCT_BUNDLE_IDENTIFIER = "com.practice.tracker.Keep-It-Going";
				PRODUCT_NAME = "$(TARGET_NAME)";
				SWIFT_VERSION = 5.0;
				TARGETED_DEVICE_FAMILY = "1,2";
			};
			name = Release;
		};
		05AF86D825EB6455005C55D5 /* Debug */ = {
			isa = XCBuildConfiguration;
			baseConfigurationReference = 7133CD73FE0FDF4BB6FE00C2 /* Pods-Keep-It-GoingTests.debug.xcconfig */;
			buildSettings = {
				ALWAYS_EMBED_SWIFT_STANDARD_LIBRARIES = YES;
				BUNDLE_LOADER = "$(TEST_HOST)";
				CODE_SIGN_STYLE = Automatic;
				INFOPLIST_FILE = "Keep-It-GoingTests/Info.plist";
				IPHONEOS_DEPLOYMENT_TARGET = 14.0;
				LD_RUNPATH_SEARCH_PATHS = (
					"$(inherited)",
					"@executable_path/Frameworks",
					"@loader_path/Frameworks",
				);
				PRODUCT_BUNDLE_IDENTIFIER = "com.practice.tracker.Keep-It-GoingTests";
				PRODUCT_NAME = "$(TARGET_NAME)";
				SWIFT_VERSION = 5.0;
				TARGETED_DEVICE_FAMILY = "1,2";
				TEST_HOST = "$(BUILT_PRODUCTS_DIR)/Keep-It-Going.app/Keep-It-Going";
			};
			name = Debug;
		};
		05AF86D925EB6455005C55D5 /* Release */ = {
			isa = XCBuildConfiguration;
			baseConfigurationReference = 2A57C44B1E6EDEB707F8596A /* Pods-Keep-It-GoingTests.release.xcconfig */;
			buildSettings = {
				ALWAYS_EMBED_SWIFT_STANDARD_LIBRARIES = YES;
				BUNDLE_LOADER = "$(TEST_HOST)";
				CODE_SIGN_STYLE = Automatic;
				INFOPLIST_FILE = "Keep-It-GoingTests/Info.plist";
				IPHONEOS_DEPLOYMENT_TARGET = 14.0;
				LD_RUNPATH_SEARCH_PATHS = (
					"$(inherited)",
					"@executable_path/Frameworks",
					"@loader_path/Frameworks",
				);
				PRODUCT_BUNDLE_IDENTIFIER = "com.practice.tracker.Keep-It-GoingTests";
				PRODUCT_NAME = "$(TARGET_NAME)";
				SWIFT_VERSION = 5.0;
				TARGETED_DEVICE_FAMILY = "1,2";
				TEST_HOST = "$(BUILT_PRODUCTS_DIR)/Keep-It-Going.app/Keep-It-Going";
			};
			name = Release;
		};
		05AF86DB25EB6455005C55D5 /* Debug */ = {
			isa = XCBuildConfiguration;
			baseConfigurationReference = CD8191FBADA0385B3F788B6D /* Pods-Keep-It-Going-Keep-It-GoingUITests.debug.xcconfig */;
			buildSettings = {
				ALWAYS_EMBED_SWIFT_STANDARD_LIBRARIES = YES;
				CODE_SIGN_STYLE = Automatic;
				INFOPLIST_FILE = "Keep-It-GoingUITests/Info.plist";
				LD_RUNPATH_SEARCH_PATHS = (
					"$(inherited)",
					"@executable_path/Frameworks",
					"@loader_path/Frameworks",
				);
				PRODUCT_BUNDLE_IDENTIFIER = "com.practice.tracker.Keep-It-GoingUITests";
				PRODUCT_NAME = "$(TARGET_NAME)";
				SWIFT_VERSION = 5.0;
				TARGETED_DEVICE_FAMILY = "1,2";
				TEST_TARGET_NAME = "Keep-It-Going";
			};
			name = Debug;
		};
		05AF86DC25EB6455005C55D5 /* Release */ = {
			isa = XCBuildConfiguration;
			baseConfigurationReference = AF8CBA1EBD0E28CBB71AD045 /* Pods-Keep-It-Going-Keep-It-GoingUITests.release.xcconfig */;
			buildSettings = {
				ALWAYS_EMBED_SWIFT_STANDARD_LIBRARIES = YES;
				CODE_SIGN_STYLE = Automatic;
				INFOPLIST_FILE = "Keep-It-GoingUITests/Info.plist";
				LD_RUNPATH_SEARCH_PATHS = (
					"$(inherited)",
					"@executable_path/Frameworks",
					"@loader_path/Frameworks",
				);
				PRODUCT_BUNDLE_IDENTIFIER = "com.practice.tracker.Keep-It-GoingUITests";
				PRODUCT_NAME = "$(TARGET_NAME)";
				SWIFT_VERSION = 5.0;
				TARGETED_DEVICE_FAMILY = "1,2";
				TEST_TARGET_NAME = "Keep-It-Going";
			};
			name = Release;
		};
/* End XCBuildConfiguration section */

/* Begin XCConfigurationList section */
		05AF86AA25EB6453005C55D5 /* Build configuration list for PBXProject "Keep-It-Going" */ = {
			isa = XCConfigurationList;
			buildConfigurations = (
				05AF86D225EB6455005C55D5 /* Debug */,
				05AF86D325EB6455005C55D5 /* Release */,
			);
			defaultConfigurationIsVisible = 0;
			defaultConfigurationName = Release;
		};
		05AF86D425EB6455005C55D5 /* Build configuration list for PBXNativeTarget "Keep-It-Going" */ = {
			isa = XCConfigurationList;
			buildConfigurations = (
				05AF86D525EB6455005C55D5 /* Debug */,
				05AF86D625EB6455005C55D5 /* Release */,
			);
			defaultConfigurationIsVisible = 0;
			defaultConfigurationName = Release;
		};
		05AF86D725EB6455005C55D5 /* Build configuration list for PBXNativeTarget "Keep-It-GoingTests" */ = {
			isa = XCConfigurationList;
			buildConfigurations = (
				05AF86D825EB6455005C55D5 /* Debug */,
				05AF86D925EB6455005C55D5 /* Release */,
			);
			defaultConfigurationIsVisible = 0;
			defaultConfigurationName = Release;
		};
		05AF86DA25EB6455005C55D5 /* Build configuration list for PBXNativeTarget "Keep-It-GoingUITests" */ = {
			isa = XCConfigurationList;
			buildConfigurations = (
				05AF86DB25EB6455005C55D5 /* Debug */,
				05AF86DC25EB6455005C55D5 /* Release */,
			);
			defaultConfigurationIsVisible = 0;
			defaultConfigurationName = Release;
		};
/* End XCConfigurationList section */
	};
	rootObject = 05AF86A725EB6453005C55D5 /* Project object */;
}
